
Microsoft Visual Studio Solution File, Format Version 12.00
# Visual Studio Version 17
VisualStudioVersion = 17.9.34616.47
MinimumVisualStudioVersion = 10.0.40219.1
Project("{9A19103F-16F7-4668-BE54-9A1E7A4F7556}") = "game-course", "game-course\game-course.csproj", "{AD0454F5-B5F7-40BC-9214-4C8651BF09D4}"
EndProject
Global
	GlobalSection(SolutionConfigurationPlatforms) = preSolution
		Debug|Any CPU = Debug|Any CPU
		Release|Any CPU = Release|Any CPU
	EndGlobalSection
	GlobalSection(ProjectConfigurationPlatforms) = postSolution
		{AD0454F5-B5F7-40BC-9214-4C8651BF09D4}.Debug|Any CPU.ActiveCfg = Debug|Any CPU
		{AD0454F5-B5F7-40BC-9214-4C8651BF09D4}.Debug|Any CPU.Build.0 = Debug|Any CPU
		{AD0454F5-B5F7-40BC-9214-4C8651BF09D4}.Release|Any CPU.ActiveCfg = Release|Any CPU
		{AD0454F5-B5F7-40BC-9214-4C8651BF09D4}.Release|Any CPU.Build.0 = Release|Any CPU
	EndGlobalSection
	GlobalSection(SolutionProperties) = preSolution
		HideSolutionNode = FALSE
	EndGlobalSection
	GlobalSection(ExtensibilityGlobals) = postSolution
		SolutionGuid = {FAB46274-2D98-48BB-A34F-7B87A2B49D93}
	EndGlobalSection
EndGlobal
